// !$*UTF8*$!
{
	archiveVersion = 1;
	classes = {
	};
	objectVersion = 50;
	objects = {

/* Begin PBXBuildFile section */
		BB0C4BC12437383A005718A9 /* AppDelegate.swift in Sources */ = {isa = PBXBuildFile; fileRef = BB0C4BC02437383A005718A9 /* AppDelegate.swift */; };
		BB0C4BC52437383A005718A9 /* Scene.swift in Sources */ = {isa = PBXBuildFile; fileRef = BB0C4BC42437383A005718A9 /* Scene.swift */; };
		BB0C4BC72437383A005718A9 /* ViewController.swift in Sources */ = {isa = PBXBuildFile; fileRef = BB0C4BC62437383A005718A9 /* ViewController.swift */; };
		BB0C4BCA2437383A005718A9 /* Main.storyboard in Resources */ = {isa = PBXBuildFile; fileRef = BB0C4BC82437383A005718A9 /* Main.storyboard */; };
		BB0C4BCC2437383C005718A9 /* Assets.xcassets in Resources */ = {isa = PBXBuildFile; fileRef = BB0C4BCB2437383C005718A9 /* Assets.xcassets */; };
		BB0C4BCF2437383C005718A9 /* LaunchScreen.storyboard in Resources */ = {isa = PBXBuildFile; fileRef = BB0C4BCD2437383C005718A9 /* LaunchScreen.storyboard */; };
		BB73246F2446FE290049102D /* Scene.sks in Resources */ = {isa = PBXBuildFile; fileRef = BB73246E2446FE290049102D /* Scene.sks */; };
		BB732471244D92AD0049102D /* Music.swift in Sources */ = {isa = PBXBuildFile; fileRef = BB732470244D92AD0049102D /* Music.swift */; };
		BB732474244D94770049102D /* circus.mp3 in Resources */ = {isa = PBXBuildFile; fileRef = BB732473244D94770049102D /* circus.mp3 */; };
		BB732476244D94990049102D /* gameover.mp3 in Resources */ = {isa = PBXBuildFile; fileRef = BB732475244D94990049102D /* gameover.mp3 */; };
		BB732478244D94B40049102D /* turnover.mp3 in Resources */ = {isa = PBXBuildFile; fileRef = BB732477244D94B40049102D /* turnover.mp3 */; };
		BB73247A244D954B0049102D /* turnover2.mp3 in Resources */ = {isa = PBXBuildFile; fileRef = BB732479244D954B0049102D /* turnover2.mp3 */; };
/* End PBXBuildFile section */

/* Begin PBXFileReference section */
		BB0C4BBD2437383A005718A9 /* 潜水艇.app */ = {isa = PBXFileReference; explicitFileType = wrapper.application; includeInIndex = 0; path = "潜水艇.app"; sourceTree = BUILT_PRODUCTS_DIR; };
		BB0C4BC02437383A005718A9 /* AppDelegate.swift */ = {isa = PBXFileReference; lastKnownFileType = sourcecode.swift; path = AppDelegate.swift; sourceTree = "<group>"; };
		BB0C4BC42437383A005718A9 /* Scene.swift */ = {isa = PBXFileReference; lastKnownFileType = sourcecode.swift; path = Scene.swift; sourceTree = "<group>"; };
		BB0C4BC62437383A005718A9 /* ViewController.swift */ = {isa = PBXFileReference; lastKnownFileType = sourcecode.swift; path = ViewController.swift; sourceTree = "<group>"; };
		BB0C4BC92437383A005718A9 /* Base */ = {isa = PBXFileReference; lastKnownFileType = file.storyboard; name = Base; path = Base.lproj/Main.storyboard; sourceTree = "<group>"; };
		BB0C4BCB2437383C005718A9 /* Assets.xcassets */ = {isa = PBXFileReference; lastKnownFileType = folder.assetcatalog; path = Assets.xcassets; sourceTree = "<group>"; };
		BB0C4BCE2437383C005718A9 /* Base */ = {isa = PBXFileReference; lastKnownFileType = file.storyboard; name = Base; path = Base.lproj/LaunchScreen.storyboard; sourceTree = "<group>"; };
		BB0C4BD02437383C005718A9 /* Info.plist */ = {isa = PBXFileReference; lastKnownFileType = text.plist.xml; path = Info.plist; sourceTree = "<group>"; };
		BB73246E2446FE290049102D /* Scene.sks */ = {isa = PBXFileReference; lastKnownFileType = file.sks; path = Scene.sks; sourceTree = "<group>"; };
		BB732470244D92AD0049102D /* Music.swift */ = {isa = PBXFileReference; lastKnownFileType = sourcecode.swift; path = Music.swift; sourceTree = "<group>"; };
		BB732473244D94770049102D /* circus.mp3 */ = {isa = PBXFileReference; lastKnownFileType = audio.mp3; path = circus.mp3; sourceTree = "<group>"; };
		BB732475244D94990049102D /* gameover.mp3 */ = {isa = PBXFileReference; lastKnownFileType = audio.mp3; path = gameover.mp3; sourceTree = "<group>"; };
		BB732477244D94B40049102D /* turnover.mp3 */ = {isa = PBXFileReference; lastKnownFileType = audio.mp3; path = turnover.mp3; sourceTree = "<group>"; };
		BB732479244D954B0049102D /* turnover2.mp3 */ = {isa = PBXFileReference; lastKnownFileType = audio.mp3; path = turnover2.mp3; sourceTree = "<group>"; };
/* End PBXFileReference section */

/* Begin PBXFrameworksBuildPhase section */
		BB0C4BBA2437383A005718A9 /* Frameworks */ = {
			isa = PBXFrameworksBuildPhase;
			buildActionMask = 2147483647;
			files = (
			);
			runOnlyForDeploymentPostprocessing = 0;
		};
/* End PBXFrameworksBuildPhase section */

/* Begin PBXGroup section */
		BB0C4BB42437383A005718A9 = {
			isa = PBXGroup;
			children = (
				BB732472244D943F0049102D /* resources */,
				BB0C4BBF2437383A005718A9 /* 潜水艇 */,
				BB0C4BBE2437383A005718A9 /* Products */,
			);
			sourceTree = "<group>";
		};
		BB0C4BBE2437383A005718A9 /* Products */ = {
			isa = PBXGroup;
			children = (
				BB0C4BBD2437383A005718A9 /* 潜水艇.app */,
			);
			name = Products;
			sourceTree = "<group>";
		};
		BB0C4BBF2437383A005718A9 /* 潜水艇 */ = {
			isa = PBXGroup;
			children = (
				BB0C4BC02437383A005718A9 /* AppDelegate.swift */,
				BB73246E2446FE290049102D /* Scene.sks */,
				BB0C4BC42437383A005718A9 /* Scene.swift */,
				BB732470244D92AD0049102D /* Music.swift */,
				BB0C4BC62437383A005718A9 /* ViewController.swift */,
				BB0C4BC82437383A005718A9 /* Main.storyboard */,
				BB0C4BCB2437383C005718A9 /* Assets.xcassets */,
				BB0C4BCD2437383C005718A9 /* LaunchScreen.storyboard */,
				BB0C4BD02437383C005718A9 /* Info.plist */,
			);
			path = "潜水艇";
			sourceTree = "<group>";
		};
		BB732472244D943F0049102D /* resources */ = {
			isa = PBXGroup;
			children = (
				BB732479244D954B0049102D /* turnover2.mp3 */,
				BB732477244D94B40049102D /* turnover.mp3 */,
				BB732475244D94990049102D /* gameover.mp3 */,
				BB732473244D94770049102D /* circus.mp3 */,
			);
			path = resources;
			sourceTree = "<group>";
		};
/* End PBXGroup section */

/* Begin PBXNativeTarget section */
		BB0C4BBC2437383A005718A9 /* 潜水艇 */ = {
			isa = PBXNativeTarget;
			buildConfigurationList = BB0C4BD32437383C005718A9 /* Build configuration list for PBXNativeTarget "潜水艇" */;
			buildPhases = (
				BB0C4BB92437383A005718A9 /* Sources */,
				BB0C4BBA2437383A005718A9 /* Frameworks */,
				BB0C4BBB2437383A005718A9 /* Resources */,
			);
			buildRules = (
			);
			dependencies = (
			);
			name = "潜水艇";
			productName = "潜水艇";
			productReference = BB0C4BBD2437383A005718A9 /* 潜水艇.app */;
			productType = "com.apple.product-type.application";
		};
/* End PBXNativeTarget section */

/* Begin PBXProject section */
		BB0C4BB52437383A005718A9 /* Project object */ = {
			isa = PBXProject;
			attributes = {
				LastSwiftUpdateCheck = 1130;
				LastUpgradeCheck = 1130;
				ORGANIZATIONNAME = targeter;
				TargetAttributes = {
					BB0C4BBC2437383A005718A9 = {
						CreatedOnToolsVersion = 11.3.1;
					};
				};
			};
			buildConfigurationList = BB0C4BB82437383A005718A9 /* Build configuration list for PBXProject "潜水艇" */;
			compatibilityVersion = "Xcode 9.3";
			developmentRegion = en;
			hasScannedForEncodings = 0;
			knownRegions = (
				en,
				Base,
			);
			mainGroup = BB0C4BB42437383A005718A9;
			productRefGroup = BB0C4BBE2437383A005718A9 /* Products */;
			projectDirPath = "";
			projectRoot = "";
			targets = (
				BB0C4BBC2437383A005718A9 /* 潜水艇 */,
			);
		};
/* End PBXProject section */

/* Begin PBXResourcesBuildPhase section */
		BB0C4BBB2437383A005718A9 /* Resources */ = {
			isa = PBXResourcesBuildPhase;
			buildActionMask = 2147483647;
			files = (
				BB0C4BCF2437383C005718A9 /* LaunchScreen.storyboard in Resources */,
				BB0C4BCC2437383C005718A9 /* Assets.xcassets in Resources */,
				BB73247A244D954B0049102D /* turnover2.mp3 in Resources */,
				BB732476244D94990049102D /* gameover.mp3 in Resources */,
				BB732474244D94770049102D /* circus.mp3 in Resources */,
				BB73246F2446FE290049102D /* Scene.sks in Resources */,
				BB0C4BCA2437383A005718A9 /* Main.storyboard in Resources */,
				BB732478244D94B40049102D /* turnover.mp3 in Resources */,
			);
			runOnlyForDeploymentPostprocessing = 0;
		};
/* End PBXResourcesBuildPhase section */

/* Begin PBXSourcesBuildPhase section */
		BB0C4BB92437383A005718A9 /* Sources */ = {
			isa = PBXSourcesBuildPhase;
			buildActionMask = 2147483647;
			files = (
				BB0C4BC72437383A005718A9 /* ViewController.swift in Sources */,
				BB0C4BC52437383A005718A9 /* Scene.swift in Sources */,
				BB0C4BC12437383A005718A9 /* AppDelegate.swift in Sources */,
				BB732471244D92AD0049102D /* Music.swift in Sources */,
			);
			runOnlyForDeploymentPostprocessing = 0;
		};
/* End PBXSourcesBuildPhase section */

/* Begin PBXVariantGroup section */
		BB0C4BC82437383A005718A9 /* Main.storyboard */ = {
			isa = PBXVariantGroup;
			children = (
				BB0C4BC92437383A005718A9 /* Base */,
			);
			name = Main.storyboard;
			sourceTree = "<group>";
		};
		BB0C4BCD2437383C005718A9 /* LaunchScreen.storyboard */ = {
			isa = PBXVariantGroup;
			children = (
				BB0C4BCE2437383C005718A9 /* Base */,
			);
			name = LaunchScreen.storyboard;
			sourceTree = "<group>";
		};
/* End PBXVariantGroup section */

/* Begin XCBuildConfiguration section */
		BB0C4BD12437383C005718A9 /* Debug */ = {
			isa = XCBuildConfiguration;
			buildSettings = {
				ALWAYS_SEARCH_USER_PATHS = NO;
				CLANG_ANALYZER_NONNULL = YES;
				CLANG_ANALYZER_NUMBER_OBJECT_CONVERSION = YES_AGGRESSIVE;
				CLANG_CXX_LANGUAGE_STANDARD = "gnu++14";
				CLANG_CXX_LIBRARY = "libc++";
				CLANG_ENABLE_MODULES = YES;
				CLANG_ENABLE_OBJC_ARC = YES;
				CLANG_ENABLE_OBJC_WEAK = YES;
				CLANG_WARN_BLOCK_CAPTURE_AUTORELEASING = YES;
				CLANG_WARN_BOOL_CONVERSION = YES;
				CLANG_WARN_COMMA = YES;
				CLANG_WARN_CONSTANT_CONVERSION = YES;
				CLANG_WARN_DEPRECATED_OBJC_IMPLEMENTATIONS = YES;
				CLANG_WARN_DIRECT_OBJC_ISA_USAGE = YES_ERROR;
				CLANG_WARN_DOCUMENTATION_COMMENTS = YES;
				CLANG_WARN_EMPTY_BODY = YES;
				CLANG_WARN_ENUM_CONVERSION = YES;
				CLANG_WARN_INFINITE_RECURSION = YES;
				CLANG_WARN_INT_CONVERSION = YES;
				CLANG_WARN_NON_LITERAL_NULL_CONVERSION = YES;
				CLANG_WARN_OBJC_IMPLICIT_RETAIN_SELF = YES;
				CLANG_WARN_OBJC_LITERAL_CONVERSION = YES;
				CLANG_WARN_OBJC_ROOT_CLASS = YES_ERROR;
				CLANG_WARN_RANGE_LOOP_ANALYSIS = YES;
				CLANG_WARN_STRICT_PROTOTYPES = YES;
				CLANG_WARN_SUSPICIOUS_MOVE = YES;
				CLANG_WARN_UNGUARDED_AVAILABILITY = YES_AGGRESSIVE;
				CLANG_WARN_UNREACHABLE_CODE = YES;
				CLANG_WARN__DUPLICATE_METHOD_MATCH = YES;
				COPY_PHASE_STRIP = NO;
				DEBUG_INFORMATION_FORMAT = dwarf;
				ENABLE_STRICT_OBJC_MSGSEND = YES;
				ENABLE_TESTABILITY = YES;
				GCC_C_LANGUAGE_STANDARD = gnu11;
				GCC_DYNAMIC_NO_PIC = NO;
				GCC_NO_COMMON_BLOCKS = YES;
				GCC_OPTIMIZATION_LEVEL = 0;
				GCC_PREPROCESSOR_DEFINITIONS = (
					"DEBUG=1",
					"$(inherited)",
				);
				GCC_WARN_64_TO_32_BIT_CONVERSION = YES;
				GCC_WARN_ABOUT_RETURN_TYPE = YES_ERROR;
				GCC_WARN_UNDECLARED_SELECTOR = YES;
				GCC_WARN_UNINITIALIZED_AUTOS = YES_AGGRESSIVE;
				GCC_WARN_UNUSED_FUNCTION = YES;
				GCC_WARN_UNUSED_VARIABLE = YES;
				IPHONEOS_DEPLOYMENT_TARGET = 13.2;
				MTL_ENABLE_DEBUG_INFO = INCLUDE_SOURCE;
				MTL_FAST_MATH = YES;
				ONLY_ACTIVE_ARCH = YES;
				SDKROOT = iphoneos;
				SWIFT_ACTIVE_COMPILATION_CONDITIONS = DEBUG;
				SWIFT_OPTIMIZATION_LEVEL = "-Onone";
			};
			name = Debug;
		};
		BB0C4BD22437383C005718A9 /* Release */ = {
			isa = XCBuildConfiguration;
			buildSettings = {
				ALWAYS_SEARCH_USER_PATHS = NO;
				CLANG_ANALYZER_NONNULL = YES;
				CLANG_ANALYZER_NUMBER_OBJECT_CONVERSION = YES_AGGRESSIVE;
				CLANG_CXX_LANGUAGE_STANDARD = "gnu++14";
				CLANG_CXX_LIBRARY = "libc++";
				CLANG_ENABLE_MODULES = YES;
				CLANG_ENABLE_OBJC_ARC = YES;
				CLANG_ENABLE_OBJC_WEAK = YES;
				CLANG_WARN_BLOCK_CAPTURE_AUTORELEASING = YES;
				CLANG_WARN_BOOL_CONVERSION = YES;
				CLANG_WARN_COMMA = YES;
				CLANG_WARN_CONSTANT_CONVERSION = YES;
				CLANG_WARN_DEPRECATED_OBJC_IMPLEMENTATIONS = YES;
				CLANG_WARN_DIRECT_OBJC_ISA_USAGE = YES_ERROR;
				CLANG_WARN_DOCUMENTATION_COMMENTS = YES;
				CLANG_WARN_EMPTY_BODY = YES;
				CLANG_WARN_ENUM_CONVERSION = YES;
				CLANG_WARN_INFINITE_RECURSION = YES;
				CLANG_WARN_INT_CONVERSION = YES;
				CLANG_WARN_NON_LITERAL_NULL_CONVERSION = YES;
				CLANG_WARN_OBJC_IMPLICIT_RETAIN_SELF = YES;
				CLANG_WARN_OBJC_LITERAL_CONVERSION = YES;
				CLANG_WARN_OBJC_ROOT_CLASS = YES_ERROR;
				CLANG_WARN_RANGE_LOOP_ANALYSIS = YES;
				CLANG_WARN_STRICT_PROTOTYPES = YES;
				CLANG_WARN_SUSPICIOUS_MOVE = YES;
				CLANG_WARN_UNGUARDED_AVAILABILITY = YES_AGGRESSIVE;
				CLANG_WARN_UNREACHABLE_CODE = YES;
				CLANG_WARN__DUPLICATE_METHOD_MATCH = YES;
				COPY_PHASE_STRIP = NO;
				DEBUG_INFORMATION_FORMAT = "dwarf-with-dsym";
				ENABLE_NS_ASSERTIONS = NO;
				ENABLE_STRICT_OBJC_MSGSEND = YES;
				GCC_C_LANGUAGE_STANDARD = gnu11;
				GCC_NO_COMMON_BLOCKS = YES;
				GCC_WARN_64_TO_32_BIT_CONVERSION = YES;
				GCC_WARN_ABOUT_RETURN_TYPE = YES_ERROR;
				GCC_WARN_UNDECLARED_SELECTOR = YES;
				GCC_WARN_UNINITIALIZED_AUTOS = YES_AGGRESSIVE;
				GCC_WARN_UNUSED_FUNCTION = YES;
				GCC_WARN_UNUSED_VARIABLE = YES;
				IPHONEOS_DEPLOYMENT_TARGET = 13.2;
				MTL_ENABLE_DEBUG_INFO = NO;
				MTL_FAST_MATH = YES;
				SDKROOT = iphoneos;
				SWIFT_COMPILATION_MODE = wholemodule;
				SWIFT_OPTIMIZATION_LEVEL = "-O";
				VALIDATE_PRODUCT = YES;
			};
			name = Release;
		};
		BB0C4BD42437383C005718A9 /* Debug */ = {
			isa = XCBuildConfiguration;
			buildSettings = {
				ASSETCATALOG_COMPILER_APPICON_NAME = AppIcon;
				CODE_SIGN_STYLE = Automatic;
				DEVELOPMENT_TEAM = 5PJ75W57T7;
				INFOPLIST_FILE = "潜水艇/Info.plist";
				IPHONEOS_DEPLOYMENT_TARGET = 11.0;
				LD_RUNPATH_SEARCH_PATHS = (
					"$(inherited)",
					"@executable_path/Frameworks",
				);
				PRODUCT_BUNDLE_IDENTIFIER = "file.---";
				PRODUCT_NAME = "$(TARGET_NAME)";
				SWIFT_VERSION = 5.0;
				TARGETED_DEVICE_FAMILY = "1,2";
			};
			name = Debug;
		};
		BB0C4BD52437383C005718A9 /* Release */ = {
			isa = XCBuildConfiguration;
			buildSettings = {
				ASSETCATALOG_COMPILER_APPICON_NAME = AppIcon;
				CODE_SIGN_STYLE = Automatic;
				DEVELOPMENT_TEAM = 5PJ75W57T7;
				INFOPLIST_FILE = "潜水艇/Info.plist";
				IPHONEOS_DEPLOYMENT_TARGET = 11.0;
				LD_RUNPATH_SEARCH_PATHS = (
					"$(inherited)",
					"@executable_path/Frameworks",
				);
				PRODUCT_BUNDLE_IDENTIFIER = "file.---";
				PRODUCT_NAME = "$(TARGET_NAME)";
				SWIFT_VERSION = 5.0;
				TARGETED_DEVICE_FAMILY = "1,2";
			};
			name = Release;
		};
/* End XCBuildConfiguration section */

/* Begin XCConfigurationList section */
		BB0C4BB82437383A005718A9 /* Build configuration list for PBXProject "潜水艇" */ = {
			isa = XCConfigurationList;
			buildConfigurations = (
				BB0C4BD12437383C005718A9 /* Debug */,
				BB0C4BD22437383C005718A9 /* Release */,
			);
			defaultConfigurationIsVisible = 0;
			defaultConfigurationName = Release;
		};
		BB0C4BD32437383C005718A9 /* Build configuration list for PBXNativeTarget "潜水艇" */ = {
			isa = XCConfigurationList;
			buildConfigurations = (
				BB0C4BD42437383C005718A9 /* Debug */,
				BB0C4BD52437383C005718A9 /* Release */,
			);
			defaultConfigurationIsVisible = 0;
			defaultConfigurationName = Release;
		};
/* End XCConfigurationList section */
	};
	rootObject = BB0C4BB52437383A005718A9 /* Project object */;
}
